
Microsoft Visual Studio Solution File, Format Version 12.00
# Visual Studio 14
VisualStudioVersion = 14.0.25420.1
MinimumVisualStudioVersion = 10.0.40219.1
Project("{FAE04EC0-301F-11D3-BF4B-00C04F79EFBC}") = "CapaPresentacion", "CapaPresentacion\CapaPresentacion.csproj", "{E9ADA7FB-FF77-4907-91CF-854182D23CC6}"
EndProject
Project("{FAE04EC0-301F-11D3-BF4B-00C04F79EFBC}") = "CapaLogica", "CapaLogica\CapaLogica.csproj", "{44D35989-DE7C-488E-AC04-EE30C8F2DE54}"
EndProject
Project("{FAE04EC0-301F-11D3-BF4B-00C04F79EFBC}") = "CapaDatos", "CapaDatos\CapaDatos.csproj", "{E0A49ED5-5CDB-43E8-AEDC-7532E39C9B1D}"
EndProject
Project("{2150E333-8FDC-42A3-9474-1A3956D46DE8}") = "Solution Items", "Solution Items", "{F7419234-FDBB-4A7B-A8C1-D3C81150BEC8}"
	ProjectSection(SolutionItems) = preProject
		base de datos.txt = base de datos.txt
	EndProjectSection
EndProject
Global
	GlobalSection(SolutionConfigurationPlatforms) = preSolution
		Debug|Any CPU = Debug|Any CPU
		Release|Any CPU = Release|Any CPU
	EndGlobalSection
	GlobalSection(ProjectConfigurationPlatforms) = postSolution
		{E9ADA7FB-FF77-4907-91CF-854182D23CC6}.Debug|Any CPU.ActiveCfg = Debug|Any CPU
		{E9ADA7FB-FF77-4907-91CF-854182D23CC6}.Debug|Any CPU.Build.0 = Debug|Any CPU
		{E9ADA7FB-FF77-4907-91CF-854182D23CC6}.Release|Any CPU.ActiveCfg = Release|Any CPU
		{E9ADA7FB-FF77-4907-91CF-854182D23CC6}.Release|Any CPU.Build.0 = Release|Any CPU
		{44D35989-DE7C-488E-AC04-EE30C8F2DE54}.Debug|Any CPU.ActiveCfg = Debug|Any CPU
		{44D35989-DE7C-488E-AC04-EE30C8F2DE54}.Debug|Any CPU.Build.0 = Debug|Any CPU
		{44D35989-DE7C-488E-AC04-EE30C8F2DE54}.Release|Any CPU.ActiveCfg = Release|Any CPU
		{44D35989-DE7C-488E-AC04-EE30C8F2DE54}.Release|Any CPU.Build.0 = Release|Any CPU
		{E0A49ED5-5CDB-43E8-AEDC-7532E39C9B1D}.Debug|Any CPU.ActiveCfg = Debug|Any CPU
		{E0A49ED5-5CDB-43E8-AEDC-7532E39C9B1D}.Debug|Any CPU.Build.0 = Debug|Any CPU
		{E0A49ED5-5CDB-43E8-AEDC-7532E39C9B1D}.Release|Any CPU.ActiveCfg = Release|Any CPU
		{E0A49ED5-5CDB-43E8-AEDC-7532E39C9B1D}.Release|Any CPU.Build.0 = Release|Any CPU
	EndGlobalSection
	GlobalSection(SolutionProperties) = preSolution
		HideSolutionNode = FALSE
	EndGlobalSection
EndGlobal
